// !$*UTF8*$!
{
	archiveVersion = 1;
	classes = {
	};
	objectVersion = 56;
	objects = {

/* Begin PBXBuildFile section */
		94ABBF702C74EDBF0052473C /* AppDelegate.swift in Sources */ = {isa = PBXBuildFile; fileRef = 94ABBF6F2C74EDBF0052473C /* AppDelegate.swift */; };
		94ABBF722C74EDBF0052473C /* SceneDelegate.swift in Sources */ = {isa = PBXBuildFile; fileRef = 94ABBF712C74EDBF0052473C /* SceneDelegate.swift */; };
		94ABBF742C74EDBF0052473C /* ItemListViewController.swift in Sources */ = {isa = PBXBuildFile; fileRef = 94ABBF732C74EDBF0052473C /* ItemListViewController.swift */; };
		94ABBF792C74EDC00052473C /* Assets.xcassets in Resources */ = {isa = PBXBuildFile; fileRef = 94ABBF782C74EDC00052473C /* Assets.xcassets */; };
		94ABBF7C2C74EDC00052473C /* LaunchScreen.storyboard in Resources */ = {isa = PBXBuildFile; fileRef = 94ABBF7A2C74EDC00052473C /* LaunchScreen.storyboard */; };
		94ABBF872C74FD920052473C /* ItemModel.swift in Sources */ = {isa = PBXBuildFile; fileRef = 94ABBF862C74FD920052473C /* ItemModel.swift */; };
		94ABBF8B2C74FF210052473C /* ItemViewModel.swift in Sources */ = {isa = PBXBuildFile; fileRef = 94ABBF8A2C74FF210052473C /* ItemViewModel.swift */; };
		94ABBF8D2C750C090052473C /* ItemTableViewCell.swift in Sources */ = {isa = PBXBuildFile; fileRef = 94ABBF8C2C750C090052473C /* ItemTableViewCell.swift */; };
		94B12BED2C76275B006EF632 /* ItemCellView.swift in Sources */ = {isa = PBXBuildFile; fileRef = 94B12BEC2C76275B006EF632 /* ItemCellView.swift */; };
		94B12BEF2C7627AF006EF632 /* CheckboxView.swift in Sources */ = {isa = PBXBuildFile; fileRef = 94B12BEE2C7627AF006EF632 /* CheckboxView.swift */; };
		94B12BF22C7629B1006EF632 /* ColorConstants.swift in Sources */ = {isa = PBXBuildFile; fileRef = 94B12BF12C7629B1006EF632 /* ColorConstants.swift */; };
/* End PBXBuildFile section */

/* Begin PBXFileReference section */
		94ABBF6C2C74EDBF0052473C /* SpiderTestApp.app */ = {isa = PBXFileReference; explicitFileType = wrapper.application; includeInIndex = 0; path = SpiderTestApp.app; sourceTree = BUILT_PRODUCTS_DIR; };
		94ABBF6F2C74EDBF0052473C /* AppDelegate.swift */ = {isa = PBXFileReference; lastKnownFileType = sourcecode.swift; path = AppDelegate.swift; sourceTree = "<group>"; };
		94ABBF712C74EDBF0052473C /* SceneDelegate.swift */ = {isa = PBXFileReference; lastKnownFileType = sourcecode.swift; path = SceneDelegate.swift; sourceTree = "<group>"; };
		94ABBF732C74EDBF0052473C /* ItemListViewController.swift */ = {isa = PBXFileReference; lastKnownFileType = sourcecode.swift; path = ItemListViewController.swift; sourceTree = "<group>"; };
		94ABBF782C74EDC00052473C /* Assets.xcassets */ = {isa = PBXFileReference; lastKnownFileType = folder.assetcatalog; path = Assets.xcassets; sourceTree = "<group>"; };
		94ABBF7B2C74EDC00052473C /* Base */ = {isa = PBXFileReference; lastKnownFileType = file.storyboard; name = Base; path = Base.lproj/LaunchScreen.storyboard; sourceTree = "<group>"; };
		94ABBF7D2C74EDC00052473C /* Info.plist */ = {isa = PBXFileReference; lastKnownFileType = text.plist.xml; path = Info.plist; sourceTree = "<group>"; };
		94ABBF862C74FD920052473C /* ItemModel.swift */ = {isa = PBXFileReference; lastKnownFileType = sourcecode.swift; path = ItemModel.swift; sourceTree = "<group>"; };
		94ABBF8A2C74FF210052473C /* ItemViewModel.swift */ = {isa = PBXFileReference; lastKnownFileType = sourcecode.swift; path = ItemViewModel.swift; sourceTree = "<group>"; };
		94ABBF8C2C750C090052473C /* ItemTableViewCell.swift */ = {isa = PBXFileReference; lastKnownFileType = sourcecode.swift; path = ItemTableViewCell.swift; sourceTree = "<group>"; };
		94B12BEC2C76275B006EF632 /* ItemCellView.swift */ = {isa = PBXFileReference; lastKnownFileType = sourcecode.swift; path = ItemCellView.swift; sourceTree = "<group>"; };
		94B12BEE2C7627AF006EF632 /* CheckboxView.swift */ = {isa = PBXFileReference; lastKnownFileType = sourcecode.swift; path = CheckboxView.swift; sourceTree = "<group>"; };
		94B12BF12C7629B1006EF632 /* ColorConstants.swift */ = {isa = PBXFileReference; lastKnownFileType = sourcecode.swift; path = ColorConstants.swift; sourceTree = "<group>"; };
/* End PBXFileReference section */

/* Begin PBXFrameworksBuildPhase section */
		94ABBF692C74EDBF0052473C /* Frameworks */ = {
			isa = PBXFrameworksBuildPhase;
			buildActionMask = 2147483647;
			files = (
			);
			runOnlyForDeploymentPostprocessing = 0;
		};
/* End PBXFrameworksBuildPhase section */

/* Begin PBXGroup section */
		94ABBF632C74EDBF0052473C = {
			isa = PBXGroup;
			children = (
				94ABBF6E2C74EDBF0052473C /* SpiderTestApp */,
				94ABBF6D2C74EDBF0052473C /* Products */,
			);
			sourceTree = "<group>";
		};
		94ABBF6D2C74EDBF0052473C /* Products */ = {
			isa = PBXGroup;
			children = (
				94ABBF6C2C74EDBF0052473C /* SpiderTestApp.app */,
			);
			name = Products;
			sourceTree = "<group>";
		};
		94ABBF6E2C74EDBF0052473C /* SpiderTestApp */ = {
			isa = PBXGroup;
			children = (
				94ABBF852C74FD510052473C /* ViewControllers */,
				94ABBF842C74FD4C0052473C /* ViewModels */,
				94ABBF832C74FD450052473C /* Models */,
				94ABBF882C74FE0B0052473C /* App */,
				94ABBF892C74FE390052473C /* Storyboards */,
				94B12BEB2C762725006EF632 /* Views */,
				94B12BF02C76299F006EF632 /* Helpers */,
				94ABBF782C74EDC00052473C /* Assets.xcassets */,
			);
			path = SpiderTestApp;
			sourceTree = "<group>";
		};
		94ABBF832C74FD450052473C /* Models */ = {
			isa = PBXGroup;
			children = (
				94ABBF862C74FD920052473C /* ItemModel.swift */,
			);
			path = Models;
			sourceTree = "<group>";
		};
		94ABBF842C74FD4C0052473C /* ViewModels */ = {
			isa = PBXGroup;
			children = (
				94ABBF8A2C74FF210052473C /* ItemViewModel.swift */,
			);
			path = ViewModels;
			sourceTree = "<group>";
		};
		94ABBF852C74FD510052473C /* ViewControllers */ = {
			isa = PBXGroup;
			children = (
				94ABBF732C74EDBF0052473C /* ItemListViewController.swift */,
				94ABBF8C2C750C090052473C /* ItemTableViewCell.swift */,
			);
			path = ViewControllers;
			sourceTree = "<group>";
		};
		94ABBF882C74FE0B0052473C /* App */ = {
			isa = PBXGroup;
			children = (
				94ABBF6F2C74EDBF0052473C /* AppDelegate.swift */,
				94ABBF712C74EDBF0052473C /* SceneDelegate.swift */,
				94ABBF7D2C74EDC00052473C /* Info.plist */,
			);
			path = App;
			sourceTree = "<group>";
		};
		94ABBF892C74FE390052473C /* Storyboards */ = {
			isa = PBXGroup;
			children = (
				94ABBF7A2C74EDC00052473C /* LaunchScreen.storyboard */,
			);
			path = Storyboards;
			sourceTree = "<group>";
		};
		94B12BEB2C762725006EF632 /* Views */ = {
			isa = PBXGroup;
			children = (
				94B12BEC2C76275B006EF632 /* ItemCellView.swift */,
				94B12BEE2C7627AF006EF632 /* CheckboxView.swift */,
			);
			path = Views;
			sourceTree = "<group>";
		};
		94B12BF02C76299F006EF632 /* Helpers */ = {
			isa = PBXGroup;
			children = (
				94B12BF12C7629B1006EF632 /* ColorConstants.swift */,
			);
			path = Helpers;
			sourceTree = "<group>";
		};
/* End PBXGroup section */

/* Begin PBXNativeTarget section */
		94ABBF6B2C74EDBF0052473C /* SpiderTestApp */ = {
			isa = PBXNativeTarget;
			buildConfigurationList = 94ABBF802C74EDC00052473C /* Build configuration list for PBXNativeTarget "SpiderTestApp" */;
			buildPhases = (
				94ABBF682C74EDBF0052473C /* Sources */,
				94ABBF692C74EDBF0052473C /* Frameworks */,
				94ABBF6A2C74EDBF0052473C /* Resources */,
			);
			buildRules = (
			);
			dependencies = (
			);
			name = SpiderTestApp;
			productName = SpiderTestApp;
			productReference = 94ABBF6C2C74EDBF0052473C /* SpiderTestApp.app */;
			productType = "com.apple.product-type.application";
		};
/* End PBXNativeTarget section */

/* Begin PBXProject section */
		94ABBF642C74EDBF0052473C /* Project object */ = {
			isa = PBXProject;
			attributes = {
				BuildIndependentTargetsInParallel = 1;
				LastSwiftUpdateCheck = 1520;
				LastUpgradeCheck = 1520;
				TargetAttributes = {
					94ABBF6B2C74EDBF0052473C = {
						CreatedOnToolsVersion = 15.2;
					};
				};
			};
			buildConfigurationList = 94ABBF672C74EDBF0052473C /* Build configuration list for PBXProject "SpiderTestApp" */;
			compatibilityVersion = "Xcode 14.0";
			developmentRegion = en;
			hasScannedForEncodings = 0;
			knownRegions = (
				en,
				Base,
			);
			mainGroup = 94ABBF632C74EDBF0052473C;
			productRefGroup = 94ABBF6D2C74EDBF0052473C /* Products */;
			projectDirPath = "";
			projectRoot = "";
			targets = (
				94ABBF6B2C74EDBF0052473C /* SpiderTestApp */,
			);
		};
/* End PBXProject section */

/* Begin PBXResourcesBuildPhase section */
		94ABBF6A2C74EDBF0052473C /* Resources */ = {
			isa = PBXResourcesBuildPhase;
			buildActionMask = 2147483647;
			files = (
				94ABBF7C2C74EDC00052473C /* LaunchScreen.storyboard in Resources */,
				94ABBF792C74EDC00052473C /* Assets.xcassets in Resources */,
			);
			runOnlyForDeploymentPostprocessing = 0;
		};
/* End PBXResourcesBuildPhase section */

/* Begin PBXSourcesBuildPhase section */
		94ABBF682C74EDBF0052473C /* Sources */ = {
			isa = PBXSourcesBuildPhase;
			buildActionMask = 2147483647;
			files = (
				94B12BEF2C7627AF006EF632 /* CheckboxView.swift in Sources */,
				94ABBF742C74EDBF0052473C /* ItemListViewController.swift in Sources */,
				94ABBF702C74EDBF0052473C /* AppDelegate.swift in Sources */,
				94ABBF872C74FD920052473C /* ItemModel.swift in Sources */,
				94ABBF8B2C74FF210052473C /* ItemViewModel.swift in Sources */,
				94B12BED2C76275B006EF632 /* ItemCellView.swift in Sources */,
				94B12BF22C7629B1006EF632 /* ColorConstants.swift in Sources */,
				94ABBF8D2C750C090052473C /* ItemTableViewCell.swift in Sources */,
				94ABBF722C74EDBF0052473C /* SceneDelegate.swift in Sources */,
			);
			runOnlyForDeploymentPostprocessing = 0;
		};
/* End PBXSourcesBuildPhase section */

/* Begin PBXVariantGroup section */
		94ABBF7A2C74EDC00052473C /* LaunchScreen.storyboard */ = {
			isa = PBXVariantGroup;
			children = (
				94ABBF7B2C74EDC00052473C /* Base */,
			);
			name = LaunchScreen.storyboard;
			sourceTree = "<group>";
		};
/* End PBXVariantGroup section */

/* Begin XCBuildConfiguration section */
		94ABBF7E2C74EDC00052473C /* Debug */ = {
			isa = XCBuildConfiguration;
			buildSettings = {
				ALWAYS_SEARCH_USER_PATHS = NO;
				ASSETCATALOG_COMPILER_GENERATE_SWIFT_ASSET_SYMBOL_EXTENSIONS = YES;
				CLANG_ANALYZER_NONNULL = YES;
				CLANG_ANALYZER_NUMBER_OBJECT_CONVERSION = YES_AGGRESSIVE;
				CLANG_CXX_LANGUAGE_STANDARD = "gnu++20";
				CLANG_ENABLE_MODULES = YES;
				CLANG_ENABLE_OBJC_ARC = YES;
				CLANG_ENABLE_OBJC_WEAK = YES;
				CLANG_WARN_BLOCK_CAPTURE_AUTORELEASING = YES;
				CLANG_WARN_BOOL_CONVERSION = YES;
				CLANG_WARN_COMMA = YES;
				CLANG_WARN_CONSTANT_CONVERSION = YES;
				CLANG_WARN_DEPRECATED_OBJC_IMPLEMENTATIONS = YES;
				CLANG_WARN_DIRECT_OBJC_ISA_USAGE = YES_ERROR;
				CLANG_WARN_DOCUMENTATION_COMMENTS = YES;
				CLANG_WARN_EMPTY_BODY = YES;
				CLANG_WARN_ENUM_CONVERSION = YES;
				CLANG_WARN_INFINITE_RECURSION = YES;
				CLANG_WARN_INT_CONVERSION = YES;
				CLANG_WARN_NON_LITERAL_NULL_CONVERSION = YES;
				CLANG_WARN_OBJC_IMPLICIT_RETAIN_SELF = YES;
				CLANG_WARN_OBJC_LITERAL_CONVERSION = YES;
				CLANG_WARN_OBJC_ROOT_CLASS = YES_ERROR;
				CLANG_WARN_QUOTED_INCLUDE_IN_FRAMEWORK_HEADER = YES;
				CLANG_WARN_RANGE_LOOP_ANALYSIS = YES;
				CLANG_WARN_STRICT_PROTOTYPES = YES;
				CLANG_WARN_SUSPICIOUS_MOVE = YES;
				CLANG_WARN_UNGUARDED_AVAILABILITY = YES_AGGRESSIVE;
				CLANG_WARN_UNREACHABLE_CODE = YES;
				CLANG_WARN__DUPLICATE_METHOD_MATCH = YES;
				COPY_PHASE_STRIP = NO;
				DEBUG_INFORMATION_FORMAT = dwarf;
				ENABLE_STRICT_OBJC_MSGSEND = YES;
				ENABLE_TESTABILITY = YES;
				ENABLE_USER_SCRIPT_SANDBOXING = YES;
				GCC_C_LANGUAGE_STANDARD = gnu17;
				GCC_DYNAMIC_NO_PIC = NO;
				GCC_NO_COMMON_BLOCKS = YES;
				GCC_OPTIMIZATION_LEVEL = 0;
				GCC_PREPROCESSOR_DEFINITIONS = (
					"DEBUG=1",
					"$(inherited)",
				);
				GCC_WARN_64_TO_32_BIT_CONVERSION = YES;
				GCC_WARN_ABOUT_RETURN_TYPE = YES_ERROR;
				GCC_WARN_UNDECLARED_SELECTOR = YES;
				GCC_WARN_UNINITIALIZED_AUTOS = YES_AGGRESSIVE;
				GCC_WARN_UNUSED_FUNCTION = YES;
				GCC_WARN_UNUSED_VARIABLE = YES;
				IPHONEOS_DEPLOYMENT_TARGET = 17.2;
				LOCALIZATION_PREFERS_STRING_CATALOGS = YES;
				MTL_ENABLE_DEBUG_INFO = INCLUDE_SOURCE;
				MTL_FAST_MATH = YES;
				ONLY_ACTIVE_ARCH = YES;
				SDKROOT = iphoneos;
				SWIFT_ACTIVE_COMPILATION_CONDITIONS = "DEBUG $(inherited)";
				SWIFT_OPTIMIZATION_LEVEL = "-Onone";
			};
			name = Debug;
		};
		94ABBF7F2C74EDC00052473C /* Release */ = {
			isa = XCBuildConfiguration;
			buildSettings = {
				ALWAYS_SEARCH_USER_PATHS = NO;
				ASSETCATALOG_COMPILER_GENERATE_SWIFT_ASSET_SYMBOL_EXTENSIONS = YES;
				CLANG_ANALYZER_NONNULL = YES;
				CLANG_ANALYZER_NUMBER_OBJECT_CONVERSION = YES_AGGRESSIVE;
				CLANG_CXX_LANGUAGE_STANDARD = "gnu++20";
				CLANG_ENABLE_MODULES = YES;
				CLANG_ENABLE_OBJC_ARC = YES;
				CLANG_ENABLE_OBJC_WEAK = YES;
				CLANG_WARN_BLOCK_CAPTURE_AUTORELEASING = YES;
				CLANG_WARN_BOOL_CONVERSION = YES;
				CLANG_WARN_COMMA = YES;
				CLANG_WARN_CONSTANT_CONVERSION = YES;
				CLANG_WARN_DEPRECATED_OBJC_IMPLEMENTATIONS = YES;
				CLANG_WARN_DIRECT_OBJC_ISA_USAGE = YES_ERROR;
				CLANG_WARN_DOCUMENTATION_COMMENTS = YES;
				CLANG_WARN_EMPTY_BODY = YES;
				CLANG_WARN_ENUM_CONVERSION = YES;
				CLANG_WARN_INFINITE_RECURSION = YES;
				CLANG_WARN_INT_CONVERSION = YES;
				CLANG_WARN_NON_LITERAL_NULL_CONVERSION = YES;
				CLANG_WARN_OBJC_IMPLICIT_RETAIN_SELF = YES;
				CLANG_WARN_OBJC_LITERAL_CONVERSION = YES;
				CLANG_WARN_OBJC_ROOT_CLASS = YES_ERROR;
				CLANG_WARN_QUOTED_INCLUDE_IN_FRAMEWORK_HEADER = YES;
				CLANG_WARN_RANGE_LOOP_ANALYSIS = YES;
				CLANG_WARN_STRICT_PROTOTYPES = YES;
				CLANG_WARN_SUSPICIOUS_MOVE = YES;
				CLANG_WARN_UNGUARDED_AVAILABILITY = YES_AGGRESSIVE;
				CLANG_WARN_UNREACHABLE_CODE = YES;
				CLANG_WARN__DUPLICATE_METHOD_MATCH = YES;
				COPY_PHASE_STRIP = NO;
				DEBUG_INFORMATION_FORMAT = "dwarf-with-dsym";
				ENABLE_NS_ASSERTIONS = NO;
				ENABLE_STRICT_OBJC_MSGSEND = YES;
				ENABLE_USER_SCRIPT_SANDBOXING = YES;
				GCC_C_LANGUAGE_STANDARD = gnu17;
				GCC_NO_COMMON_BLOCKS = YES;
				GCC_WARN_64_TO_32_BIT_CONVERSION = YES;
				GCC_WARN_ABOUT_RETURN_TYPE = YES_ERROR;
				GCC_WARN_UNDECLARED_SELECTOR = YES;
				GCC_WARN_UNINITIALIZED_AUTOS = YES_AGGRESSIVE;
				GCC_WARN_UNUSED_FUNCTION = YES;
				GCC_WARN_UNUSED_VARIABLE = YES;
				IPHONEOS_DEPLOYMENT_TARGET = 17.2;
				LOCALIZATION_PREFERS_STRING_CATALOGS = YES;
				MTL_ENABLE_DEBUG_INFO = NO;
				MTL_FAST_MATH = YES;
				SDKROOT = iphoneos;
				SWIFT_COMPILATION_MODE = wholemodule;
				VALIDATE_PRODUCT = YES;
			};
			name = Release;
		};
		94ABBF812C74EDC00052473C /* Debug */ = {
			isa = XCBuildConfiguration;
			buildSettings = {
				ASSETCATALOG_COMPILER_APPICON_NAME = AppIcon;
				ASSETCATALOG_COMPILER_GLOBAL_ACCENT_COLOR_NAME = AccentColor;
				CODE_SIGN_STYLE = Automatic;
				CURRENT_PROJECT_VERSION = 1;
				DEVELOPMENT_TEAM = 53644Z7QPP;
				GENERATE_INFOPLIST_FILE = YES;
				INFOPLIST_FILE = SpiderTestApp/App/Info.plist;
				INFOPLIST_KEY_UIApplicationSupportsIndirectInputEvents = YES;
				INFOPLIST_KEY_UILaunchStoryboardName = LaunchScreen;
				INFOPLIST_KEY_UISupportedInterfaceOrientations = UIInterfaceOrientationPortrait;
				INFOPLIST_KEY_UISupportedInterfaceOrientations_iPad = "UIInterfaceOrientationLandscapeLeft UIInterfaceOrientationLandscapeRight UIInterfaceOrientationPortrait UIInterfaceOrientationPortraitUpsideDown";
				IPHONEOS_DEPLOYMENT_TARGET = 15.0;
				LD_RUNPATH_SEARCH_PATHS = (
					"$(inherited)",
					"@executable_path/Frameworks",
				);
				MARKETING_VERSION = 1.0;
				PRODUCT_BUNDLE_IDENTIFIER = "ru.spider-test-app.SpiderTestApp";
				PRODUCT_NAME = "$(TARGET_NAME)";
				SUPPORTED_PLATFORMS = "iphoneos iphonesimulator";
				SUPPORTS_MACCATALYST = NO;
				SUPPORTS_MAC_DESIGNED_FOR_IPHONE_IPAD = NO;
				SUPPORTS_XR_DESIGNED_FOR_IPHONE_IPAD = NO;
				SWIFT_EMIT_LOC_STRINGS = YES;
				SWIFT_VERSION = 5.0;
				TARGETED_DEVICE_FAMILY = 1;
			};
			name = Debug;
		};
		94ABBF822C74EDC00052473C /* Release */ = {
			isa = XCBuildConfiguration;
			buildSettings = {
				ASSETCATALOG_COMPILER_APPICON_NAME = AppIcon;
				ASSETCATALOG_COMPILER_GLOBAL_ACCENT_COLOR_NAME = AccentColor;
				CODE_SIGN_STYLE = Automatic;
				CURRENT_PROJECT_VERSION = 1;
				DEVELOPMENT_TEAM = 53644Z7QPP;
				GENERATE_INFOPLIST_FILE = YES;
				INFOPLIST_FILE = SpiderTestApp/App/Info.plist;
				INFOPLIST_KEY_UIApplicationSupportsIndirectInputEvents = YES;
				INFOPLIST_KEY_UILaunchStoryboardName = LaunchScreen;
				INFOPLIST_KEY_UISupportedInterfaceOrientations = UIInterfaceOrientationPortrait;
				INFOPLIST_KEY_UISupportedInterfaceOrientations_iPad = "UIInterfaceOrientationLandscapeLeft UIInterfaceOrientationLandscapeRight UIInterfaceOrientationPortrait UIInterfaceOrientationPortraitUpsideDown";
				IPHONEOS_DEPLOYMENT_TARGET = 15.0;
				LD_RUNPATH_SEARCH_PATHS = (
					"$(inherited)",
					"@executable_path/Frameworks",
				);
				MARKETING_VERSION = 1.0;
				PRODUCT_BUNDLE_IDENTIFIER = "ru.spider-test-app.SpiderTestApp";
				PRODUCT_NAME = "$(TARGET_NAME)";
				SUPPORTED_PLATFORMS = "iphoneos iphonesimulator";
				SUPPORTS_MACCATALYST = NO;
				SUPPORTS_MAC_DESIGNED_FOR_IPHONE_IPAD = NO;
				SUPPORTS_XR_DESIGNED_FOR_IPHONE_IPAD = NO;
				SWIFT_EMIT_LOC_STRINGS = YES;
				SWIFT_VERSION = 5.0;
				TARGETED_DEVICE_FAMILY = 1;
			};
			name = Release;
		};
/* End XCBuildConfiguration section */

/* Begin XCConfigurationList section */
		94ABBF672C74EDBF0052473C /* Build configuration list for PBXProject "SpiderTestApp" */ = {
			isa = XCConfigurationList;
			buildConfigurations = (
				94ABBF7E2C74EDC00052473C /* Debug */,
				94ABBF7F2C74EDC00052473C /* Release */,
			);
			defaultConfigurationIsVisible = 0;
			defaultConfigurationName = Release;
		};
		94ABBF802C74EDC00052473C /* Build configuration list for PBXNativeTarget "SpiderTestApp" */ = {
			isa = XCConfigurationList;
			buildConfigurations = (
				94ABBF812C74EDC00052473C /* Debug */,
				94ABBF822C74EDC00052473C /* Release */,
			);
			defaultConfigurationIsVisible = 0;
			defaultConfigurationName = Release;
		};
/* End XCConfigurationList section */
	};
	rootObject = 94ABBF642C74EDBF0052473C /* Project object */;
}
